{
  "name": "converger-js",
  "version": "1.0.0",
  "lockfileVersion": 3,
  "requires": true,
  "packages": {
    "": {
      "name": "converger-js",
      "version": "1.0.0",
      "dependencies": {
        "phoenix": "^1.8.15"
      }
    },
    "node_modules/phoenix": {
      "version": "1.8.15",
      "resolved": "https://registry.npmjs.org/phoenix/-/phoenix-1.8.15.tgz",
      "integrity": "sha512-AU2t9smrLcSy7DF1ic3VKDVNmjnhcsOgdeXBiVrR29BgFLmO4EN+tyGx/lRY3naxl7eJtyLrnlBOfJu8gYvXdQ==",
      "license": "MIT"
    }
  }
}
